{
  "nodes": {
    "home-manager": {
      "inputs": {
        "nixpkgs": "nixpkgs"
      },
      "locked": {
        "lastModified": 1656169755,
        "narHash": "sha256-Nlnm4jeQWEGjYrE6hxi/7HYHjBSZ/E0RtjCYifnNsWk=",
        "owner": "nix-community",
        "repo": "home-manager",
        "rev": "4a3d01fb53f52ac83194081272795aa4612c2381",
        "type": "github"
      },
      "original": {
        "owner": "nix-community",
        "ref": "release-22.05",
        "repo": "home-manager",
        "type": "github"
      }
    },
    "nixpkgs": {
      "locked": {
        "lastModified": 1659190188,
        "narHash": "sha256-LudYrDFPFaQMW0l68TYkPWRPKmqpxIFU1nWfylIp9AQ=",
        "owner": "NixOS",
        "repo": "nixpkgs",
        "rev": "a3fddd46a7f3418d7e3940ded94701aba569161d",
        "type": "github"
      },
      "original": {
        "id": "nixpkgs",
        "type": "indirect"
      }
    },
    "nixpkgs-unstable": {
      "locked": {
        "lastModified": 1659131907,
        "narHash": "sha256-8bz4k18M/FuVC+EVcI4aREN2PsEKT7LGmU2orfjnpCg=",
        "owner": "NixOS",
        "repo": "nixpkgs",
        "rev": "8d435fca5c561da8168abb30270788d2da2a7951",
        "type": "github"
      },
      "original": {
        "owner": "NixOS",
        "ref": "nixos-unstable",
        "repo": "nixpkgs",
        "type": "github"
      }
    },
    "nixpkgs_2": {
      "locked": {
        "lastModified": 1659052185,
        "narHash": "sha256-TUbwbzCbprtWB9EtXPM52cWuKETuCV3H+cMXjLRbwTw=",
        "owner": "NixOS",
        "repo": "nixpkgs",
        "rev": "9370544d849be8a07193e7611d02e6f6f1b10768",
        "type": "github"
      },
      "original": {
        "owner": "NixOS",
        "ref": "nixos-22.05",
        "repo": "nixpkgs",
        "type": "github"
      }
    },
    "nur": {
      "locked": {
        "lastModified": 1659209845,
        "narHash": "sha256-yRIrRq3I1jiZSM71NEb8Sy+u27D3snNRwUZD2XBcPkc=",
        "owner": "nix-community",
        "repo": "NUR",
        "rev": "2eb37377a5667a575a137811a2af12b17dfe17c2",
        "type": "github"
      },
      "original": {
        "owner": "nix-community",
        "repo": "NUR",
        "type": "github"
      }
    },
    "nvim-config": {
      "locked": {
        "lastModified": 1659121495,
        "narHash": "sha256-z1gPiYjsvHmczXhc5iV38UlBgkEGaRPBP9Ra7Te44po=",
        "owner": "MrcJkb",
        "repo": "nvim-config",
        "rev": "b301ef2b1526bc8d25f75d3550238d601e0df4b7",
        "type": "github"
      },
      "original": {
        "owner": "MrcJkb",
        "repo": "nvim-config",
        "type": "github"
      }
    },
    "root": {
      "inputs": {
        "home-manager": "home-manager",
        "nixpkgs": "nixpkgs_2",
        "nixpkgs-unstable": "nixpkgs-unstable",
        "nur": "nur",
        "nvim-config": "nvim-config"
      }
    }
  },
  "root": "root",
  "version": 7
}
