{
  "nodes": {
    "home-manager": {
      "inputs": {
        "nixpkgs": "nixpkgs"
      },
      "locked": {
        "lastModified": 1656169755,
        "narHash": "sha256-Nlnm4jeQWEGjYrE6hxi/7HYHjBSZ/E0RtjCYifnNsWk=",
        "owner": "nix-community",
        "repo": "home-manager",
        "rev": "4a3d01fb53f52ac83194081272795aa4612c2381",
        "type": "github"
      },
      "original": {
        "owner": "nix-community",
        "ref": "release-22.05",
        "repo": "home-manager",
        "type": "github"
      }
    },
    "nixpkgs": {
      "locked": {
        "lastModified": 1659464610,
        "narHash": "sha256-X67Sbnn4lbo+RFWDjlG9oJsSWE6zg4S+LuQ5TLB2lCo=",
        "owner": "NixOS",
        "repo": "nixpkgs",
        "rev": "f310f24f0d4cd5e8660ccde49e8cbd8dbf0295fa",
        "type": "github"
      },
      "original": {
        "id": "nixpkgs",
        "type": "indirect"
      }
    },
    "nixpkgs-unstable": {
      "locked": {
        "lastModified": 1659305579,
        "narHash": "sha256-SFeQTmh7hc9Y2fSkooHaoS8mDfPa04sfmUCtQ8MA6Pg=",
        "owner": "NixOS",
        "repo": "nixpkgs",
        "rev": "5857574d45925585baffde730369414319228a84",
        "type": "github"
      },
      "original": {
        "owner": "NixOS",
        "ref": "nixos-unstable",
        "repo": "nixpkgs",
        "type": "github"
      }
    },
    "nixpkgs_2": {
      "locked": {
        "lastModified": 1659342832,
        "narHash": "sha256-ePnxG4hacRd6oZMk+YeCSYMNUnHCe+qPLI0/+VaTu48=",
        "owner": "NixOS",
        "repo": "nixpkgs",
        "rev": "e43cf1748462c81202a32b26294e9f8eefcc3462",
        "type": "github"
      },
      "original": {
        "owner": "NixOS",
        "ref": "nixos-22.05",
        "repo": "nixpkgs",
        "type": "github"
      }
    },
    "nur": {
      "locked": {
        "lastModified": 1659514292,
        "narHash": "sha256-2H5d5D/u+4d5XIf/Zgj+PFCtoDBah8A/Wby1uXJAjSc=",
        "owner": "nix-community",
        "repo": "NUR",
        "rev": "6726f4e7808b449c511af9485ec2e2826ec9b669",
        "type": "github"
      },
      "original": {
        "owner": "nix-community",
        "repo": "NUR",
        "type": "github"
      }
    },
    "nvim-config": {
      "locked": {
        "lastModified": 1659522678,
        "narHash": "sha256-M1TPRb2Kts2QZLLvgRyZqKuBP1/KCqegZJ0S0mBzqZA=",
        "owner": "MrcJkb",
        "repo": "nvim-config",
        "rev": "0acefabadbbbb7995fe79b6cd616ee3c86e8f33b",
        "type": "github"
      },
      "original": {
        "owner": "MrcJkb",
        "repo": "nvim-config",
        "type": "github"
      }
    },
    "root": {
      "inputs": {
        "home-manager": "home-manager",
        "nixpkgs": "nixpkgs_2",
        "nixpkgs-unstable": "nixpkgs-unstable",
        "nur": "nur",
        "nvim-config": "nvim-config"
      }
    }
  },
  "root": "root",
  "version": 7
}
